
Microsoft Visual Studio Solution File, Format Version 12.00
# Visual Studio 2012
Project("{2150E333-8FDC-42A3-9474-1A3956D46DE8}") = "WinUiProjects", "WinUiProjects", "{0BF68AAC-925C-4011-8F95-57F33F8C0FED}"
EndProject
Project("{2150E333-8FDC-42A3-9474-1A3956D46DE8}") = "DataAccessProjects", "DataAccessProjects", "{CA911199-9D46-43A6-A268-7D39D4C82409}"
EndProject
Project("{2150E333-8FDC-42A3-9474-1A3956D46DE8}") = "SystemFrameworksProjects", "SystemFrameworksProjects", "{E46832AF-0186-4EBF-9F14-3230957AC1F9}"
EndProject
Project("{2150E333-8FDC-42A3-9474-1A3956D46DE8}") = "SetupProjects", "SetupProjects", "{EF6E0FDE-A1EC-4F30-B167-B3C6BE8B4FE7}"
EndProject
Project("{2150E333-8FDC-42A3-9474-1A3956D46DE8}") = "BusinessRulesProjects", "BusinessRulesProjects", "{A909F9CF-5CEC-4024-A224-8792961D8900}"
EndProject
Project("{FAE04EC0-301F-11D3-BF4B-00C04F79EFBC}") = "tmcBRWeb", "BusinessRulesProjects\tmcBRWeb\tmcBRWeb.csproj", "{5E7E4873-8C9D-4BA8-A936-784387E2379F}"
EndProject
Project("{FAE04EC0-301F-11D3-BF4B-00C04F79EFBC}") = "tmcBRExportImport", "BusinessRulesProjects\tmcBRExportImport\tmcBRExportImport.csproj", "{948401DF-F23E-47C2-B524-8B7AA5B95A56}"
EndProject
Project("{FAE04EC0-301F-11D3-BF4B-00C04F79EFBC}") = "tmcDaSqlite", "DataAccess\tmcDaSqlite\tmcDaSqlite.csproj", "{EF7C715E-4C61-43D6-B83D-90F0FF38424F}"
EndProject
Project("{FAE04EC0-301F-11D3-BF4B-00C04F79EFBC}") = "tmcSFCommon", "SystemFrameworkProjects\tmcSFCommon\tmcSFCommon.csproj", "{D6017DF9-AE81-49B8-857A-495CE8275DB0}"
EndProject
Project("{FAE04EC0-301F-11D3-BF4B-00C04F79EFBC}") = "tmcSFLog", "SystemFrameworkProjects\tmcSFLog\tmcSFLog.csproj", "{8C2B5F04-EF8F-46B8-B775-FD602B8AFAED}"
EndProject
Project("{FAE04EC0-301F-11D3-BF4B-00C04F79EFBC}") = "tmcSFModel", "SystemFrameworkProjects\tmcSFModel\tmcSFModel.csproj", "{3B9B5FE6-81CC-4714-86E1-16A10C44DEA2}"
EndProject
Project("{FAE04EC0-301F-11D3-BF4B-00C04F79EFBC}") = "tmcWinUIApplication", "WinUIProjects\tmcWinUIApplication\tmcWinUIApplication.csproj", "{F6064BDE-DADA-4205-8E12-3A48D243DA66}"
EndProject
Project("{FAE04EC0-301F-11D3-BF4B-00C04F79EFBC}") = "tmcWinUIPlayer", "WinUIProjects\tmcWinUIPlayer\tmcWinUIPlayer.csproj", "{C8B06303-3B2F-417B-8EE2-CD812F257277}"
EndProject
Project("{6141683F-8A12-4E36-9623-2EB02B2C2303}") = "tmcSETUP", "SetupProjects\tmcApplicationSetup\tmcSETUP.isproj", "{7CD5BD2F-15F9-4A0B-85FF-E4E5588D9151}"
	ProjectSection(ProjectDependencies) = postProject
		{F6064BDE-DADA-4205-8E12-3A48D243DA66} = {F6064BDE-DADA-4205-8E12-3A48D243DA66}
	EndProjectSection
EndProject
Project("{FAE04EC0-301F-11D3-BF4B-00C04F79EFBC}") = "tmcSFData", "SystemFrameworkProjects\tmcSFData\tmcSFData.csproj", "{8C879BC1-7E2D-4AE2-BE01-F7C646827424}"
EndProject
Global
	GlobalSection(SolutionConfigurationPlatforms) = preSolution
		CD_ROM|Any CPU = CD_ROM|Any CPU
		CD_ROM|Mixed Platforms = CD_ROM|Mixed Platforms
		CD_ROM|x86 = CD_ROM|x86
		Debug|Any CPU = Debug|Any CPU
		Debug|Mixed Platforms = Debug|Mixed Platforms
		Debug|x86 = Debug|x86
		DVD-5|Any CPU = DVD-5|Any CPU
		DVD-5|Mixed Platforms = DVD-5|Mixed Platforms
		DVD-5|x86 = DVD-5|x86
		Release|Any CPU = Release|Any CPU
		Release|Mixed Platforms = Release|Mixed Platforms
		Release|x86 = Release|x86
		SingleImage|Any CPU = SingleImage|Any CPU
		SingleImage|Mixed Platforms = SingleImage|Mixed Platforms
		SingleImage|x86 = SingleImage|x86
	EndGlobalSection
	GlobalSection(ProjectConfigurationPlatforms) = postSolution
		{5E7E4873-8C9D-4BA8-A936-784387E2379F}.CD_ROM|Any CPU.ActiveCfg = Release|Any CPU
		{5E7E4873-8C9D-4BA8-A936-784387E2379F}.CD_ROM|Any CPU.Build.0 = Release|Any CPU
		{5E7E4873-8C9D-4BA8-A936-784387E2379F}.CD_ROM|Mixed Platforms.ActiveCfg = Release|Any CPU
		{5E7E4873-8C9D-4BA8-A936-784387E2379F}.CD_ROM|Mixed Platforms.Build.0 = Release|Any CPU
		{5E7E4873-8C9D-4BA8-A936-784387E2379F}.CD_ROM|x86.ActiveCfg = Release|Any CPU
		{5E7E4873-8C9D-4BA8-A936-784387E2379F}.Debug|Any CPU.ActiveCfg = Debug|Any CPU
		{5E7E4873-8C9D-4BA8-A936-784387E2379F}.Debug|Any CPU.Build.0 = Debug|Any CPU
		{5E7E4873-8C9D-4BA8-A936-784387E2379F}.Debug|Mixed Platforms.ActiveCfg = Debug|Any CPU
		{5E7E4873-8C9D-4BA8-A936-784387E2379F}.Debug|Mixed Platforms.Build.0 = Debug|Any CPU
		{5E7E4873-8C9D-4BA8-A936-784387E2379F}.Debug|x86.ActiveCfg = Debug|Any CPU
		{5E7E4873-8C9D-4BA8-A936-784387E2379F}.DVD-5|Any CPU.ActiveCfg = Debug|Any CPU
		{5E7E4873-8C9D-4BA8-A936-784387E2379F}.DVD-5|Any CPU.Build.0 = Debug|Any CPU
		{5E7E4873-8C9D-4BA8-A936-784387E2379F}.DVD-5|Mixed Platforms.ActiveCfg = Debug|Any CPU
		{5E7E4873-8C9D-4BA8-A936-784387E2379F}.DVD-5|Mixed Platforms.Build.0 = Debug|Any CPU
		{5E7E4873-8C9D-4BA8-A936-784387E2379F}.DVD-5|x86.ActiveCfg = Debug|Any CPU
		{5E7E4873-8C9D-4BA8-A936-784387E2379F}.Release|Any CPU.ActiveCfg = Release|Any CPU
		{5E7E4873-8C9D-4BA8-A936-784387E2379F}.Release|Any CPU.Build.0 = Release|Any CPU
		{5E7E4873-8C9D-4BA8-A936-784387E2379F}.Release|Mixed Platforms.ActiveCfg = Release|Any CPU
		{5E7E4873-8C9D-4BA8-A936-784387E2379F}.Release|Mixed Platforms.Build.0 = Release|Any CPU
		{5E7E4873-8C9D-4BA8-A936-784387E2379F}.Release|x86.ActiveCfg = Release|Any CPU
		{5E7E4873-8C9D-4BA8-A936-784387E2379F}.SingleImage|Any CPU.ActiveCfg = Release|Any CPU
		{5E7E4873-8C9D-4BA8-A936-784387E2379F}.SingleImage|Any CPU.Build.0 = Release|Any CPU
		{5E7E4873-8C9D-4BA8-A936-784387E2379F}.SingleImage|Mixed Platforms.ActiveCfg = Release|Any CPU
		{5E7E4873-8C9D-4BA8-A936-784387E2379F}.SingleImage|Mixed Platforms.Build.0 = Release|Any CPU
		{5E7E4873-8C9D-4BA8-A936-784387E2379F}.SingleImage|x86.ActiveCfg = Release|Any CPU
		{948401DF-F23E-47C2-B524-8B7AA5B95A56}.CD_ROM|Any CPU.ActiveCfg = Release|Any CPU
		{948401DF-F23E-47C2-B524-8B7AA5B95A56}.CD_ROM|Any CPU.Build.0 = Release|Any CPU
		{948401DF-F23E-47C2-B524-8B7AA5B95A56}.CD_ROM|Mixed Platforms.ActiveCfg = Release|Any CPU
		{948401DF-F23E-47C2-B524-8B7AA5B95A56}.CD_ROM|Mixed Platforms.Build.0 = Release|Any CPU
		{948401DF-F23E-47C2-B524-8B7AA5B95A56}.CD_ROM|x86.ActiveCfg = Release|Any CPU
		{948401DF-F23E-47C2-B524-8B7AA5B95A56}.Debug|Any CPU.ActiveCfg = Debug|Any CPU
		{948401DF-F23E-47C2-B524-8B7AA5B95A56}.Debug|Any CPU.Build.0 = Debug|Any CPU
		{948401DF-F23E-47C2-B524-8B7AA5B95A56}.Debug|Mixed Platforms.ActiveCfg = Debug|Any CPU
		{948401DF-F23E-47C2-B524-8B7AA5B95A56}.Debug|Mixed Platforms.Build.0 = Debug|Any CPU
		{948401DF-F23E-47C2-B524-8B7AA5B95A56}.Debug|x86.ActiveCfg = Debug|Any CPU
		{948401DF-F23E-47C2-B524-8B7AA5B95A56}.DVD-5|Any CPU.ActiveCfg = Debug|Any CPU
		{948401DF-F23E-47C2-B524-8B7AA5B95A56}.DVD-5|Any CPU.Build.0 = Debug|Any CPU
		{948401DF-F23E-47C2-B524-8B7AA5B95A56}.DVD-5|Mixed Platforms.ActiveCfg = Debug|Any CPU
		{948401DF-F23E-47C2-B524-8B7AA5B95A56}.DVD-5|Mixed Platforms.Build.0 = Debug|Any CPU
		{948401DF-F23E-47C2-B524-8B7AA5B95A56}.DVD-5|x86.ActiveCfg = Debug|Any CPU
		{948401DF-F23E-47C2-B524-8B7AA5B95A56}.Release|Any CPU.ActiveCfg = Release|Any CPU
		{948401DF-F23E-47C2-B524-8B7AA5B95A56}.Release|Any CPU.Build.0 = Release|Any CPU
		{948401DF-F23E-47C2-B524-8B7AA5B95A56}.Release|Mixed Platforms.ActiveCfg = Release|Any CPU
		{948401DF-F23E-47C2-B524-8B7AA5B95A56}.Release|Mixed Platforms.Build.0 = Release|Any CPU
		{948401DF-F23E-47C2-B524-8B7AA5B95A56}.Release|x86.ActiveCfg = Release|Any CPU
		{948401DF-F23E-47C2-B524-8B7AA5B95A56}.SingleImage|Any CPU.ActiveCfg = Release|Any CPU
		{948401DF-F23E-47C2-B524-8B7AA5B95A56}.SingleImage|Any CPU.Build.0 = Release|Any CPU
		{948401DF-F23E-47C2-B524-8B7AA5B95A56}.SingleImage|Mixed Platforms.ActiveCfg = Release|Any CPU
		{948401DF-F23E-47C2-B524-8B7AA5B95A56}.SingleImage|Mixed Platforms.Build.0 = Release|Any CPU
		{948401DF-F23E-47C2-B524-8B7AA5B95A56}.SingleImage|x86.ActiveCfg = Release|Any CPU
		{EF7C715E-4C61-43D6-B83D-90F0FF38424F}.CD_ROM|Any CPU.ActiveCfg = Release|Any CPU
		{EF7C715E-4C61-43D6-B83D-90F0FF38424F}.CD_ROM|Any CPU.Build.0 = Release|Any CPU
		{EF7C715E-4C61-43D6-B83D-90F0FF38424F}.CD_ROM|Mixed Platforms.ActiveCfg = Release|Any CPU
		{EF7C715E-4C61-43D6-B83D-90F0FF38424F}.CD_ROM|Mixed Platforms.Build.0 = Release|Any CPU
		{EF7C715E-4C61-43D6-B83D-90F0FF38424F}.CD_ROM|x86.ActiveCfg = Release|Any CPU
		{EF7C715E-4C61-43D6-B83D-90F0FF38424F}.Debug|Any CPU.ActiveCfg = Debug|Any CPU
		{EF7C715E-4C61-43D6-B83D-90F0FF38424F}.Debug|Any CPU.Build.0 = Debug|Any CPU
		{EF7C715E-4C61-43D6-B83D-90F0FF38424F}.Debug|Mixed Platforms.ActiveCfg = Debug|Any CPU
		{EF7C715E-4C61-43D6-B83D-90F0FF38424F}.Debug|Mixed Platforms.Build.0 = Debug|Any CPU
		{EF7C715E-4C61-43D6-B83D-90F0FF38424F}.Debug|x86.ActiveCfg = Debug|Any CPU
		{EF7C715E-4C61-43D6-B83D-90F0FF38424F}.DVD-5|Any CPU.ActiveCfg = Debug|Any CPU
		{EF7C715E-4C61-43D6-B83D-90F0FF38424F}.DVD-5|Any CPU.Build.0 = Debug|Any CPU
		{EF7C715E-4C61-43D6-B83D-90F0FF38424F}.DVD-5|Mixed Platforms.ActiveCfg = Debug|Any CPU
		{EF7C715E-4C61-43D6-B83D-90F0FF38424F}.DVD-5|Mixed Platforms.Build.0 = Debug|Any CPU
		{EF7C715E-4C61-43D6-B83D-90F0FF38424F}.DVD-5|x86.ActiveCfg = Debug|Any CPU
		{EF7C715E-4C61-43D6-B83D-90F0FF38424F}.Release|Any CPU.ActiveCfg = Release|Any CPU
		{EF7C715E-4C61-43D6-B83D-90F0FF38424F}.Release|Any CPU.Build.0 = Release|Any CPU
		{EF7C715E-4C61-43D6-B83D-90F0FF38424F}.Release|Mixed Platforms.ActiveCfg = Release|Any CPU
		{EF7C715E-4C61-43D6-B83D-90F0FF38424F}.Release|Mixed Platforms.Build.0 = Release|Any CPU
		{EF7C715E-4C61-43D6-B83D-90F0FF38424F}.Release|x86.ActiveCfg = Release|Any CPU
		{EF7C715E-4C61-43D6-B83D-90F0FF38424F}.SingleImage|Any CPU.ActiveCfg = Release|Any CPU
		{EF7C715E-4C61-43D6-B83D-90F0FF38424F}.SingleImage|Any CPU.Build.0 = Release|Any CPU
		{EF7C715E-4C61-43D6-B83D-90F0FF38424F}.SingleImage|Mixed Platforms.ActiveCfg = Release|Any CPU
		{EF7C715E-4C61-43D6-B83D-90F0FF38424F}.SingleImage|Mixed Platforms.Build.0 = Release|Any CPU
		{EF7C715E-4C61-43D6-B83D-90F0FF38424F}.SingleImage|x86.ActiveCfg = Release|Any CPU
		{D6017DF9-AE81-49B8-857A-495CE8275DB0}.CD_ROM|Any CPU.ActiveCfg = Release|Any CPU
		{D6017DF9-AE81-49B8-857A-495CE8275DB0}.CD_ROM|Any CPU.Build.0 = Release|Any CPU
		{D6017DF9-AE81-49B8-857A-495CE8275DB0}.CD_ROM|Mixed Platforms.ActiveCfg = Release|Any CPU
		{D6017DF9-AE81-49B8-857A-495CE8275DB0}.CD_ROM|Mixed Platforms.Build.0 = Release|Any CPU
		{D6017DF9-AE81-49B8-857A-495CE8275DB0}.CD_ROM|x86.ActiveCfg = Release|Any CPU
		{D6017DF9-AE81-49B8-857A-495CE8275DB0}.Debug|Any CPU.ActiveCfg = Debug|Any CPU
		{D6017DF9-AE81-49B8-857A-495CE8275DB0}.Debug|Any CPU.Build.0 = Debug|Any CPU
		{D6017DF9-AE81-49B8-857A-495CE8275DB0}.Debug|Mixed Platforms.ActiveCfg = Debug|Any CPU
		{D6017DF9-AE81-49B8-857A-495CE8275DB0}.Debug|Mixed Platforms.Build.0 = Debug|Any CPU
		{D6017DF9-AE81-49B8-857A-495CE8275DB0}.Debug|x86.ActiveCfg = Debug|Any CPU
		{D6017DF9-AE81-49B8-857A-495CE8275DB0}.DVD-5|Any CPU.ActiveCfg = Debug|Any CPU
		{D6017DF9-AE81-49B8-857A-495CE8275DB0}.DVD-5|Any CPU.Build.0 = Debug|Any CPU
		{D6017DF9-AE81-49B8-857A-495CE8275DB0}.DVD-5|Mixed Platforms.ActiveCfg = Debug|Any CPU
		{D6017DF9-AE81-49B8-857A-495CE8275DB0}.DVD-5|Mixed Platforms.Build.0 = Debug|Any CPU
		{D6017DF9-AE81-49B8-857A-495CE8275DB0}.DVD-5|x86.ActiveCfg = Debug|Any CPU
		{D6017DF9-AE81-49B8-857A-495CE8275DB0}.Release|Any CPU.ActiveCfg = Release|Any CPU
		{D6017DF9-AE81-49B8-857A-495CE8275DB0}.Release|Any CPU.Build.0 = Release|Any CPU
		{D6017DF9-AE81-49B8-857A-495CE8275DB0}.Release|Mixed Platforms.ActiveCfg = Release|Any CPU
		{D6017DF9-AE81-49B8-857A-495CE8275DB0}.Release|Mixed Platforms.Build.0 = Release|Any CPU
		{D6017DF9-AE81-49B8-857A-495CE8275DB0}.Release|x86.ActiveCfg = Release|Any CPU
		{D6017DF9-AE81-49B8-857A-495CE8275DB0}.SingleImage|Any CPU.ActiveCfg = Release|Any CPU
		{D6017DF9-AE81-49B8-857A-495CE8275DB0}.SingleImage|Any CPU.Build.0 = Release|Any CPU
		{D6017DF9-AE81-49B8-857A-495CE8275DB0}.SingleImage|Mixed Platforms.ActiveCfg = Release|Any CPU
		{D6017DF9-AE81-49B8-857A-495CE8275DB0}.SingleImage|Mixed Platforms.Build.0 = Release|Any CPU
		{D6017DF9-AE81-49B8-857A-495CE8275DB0}.SingleImage|x86.ActiveCfg = Release|Any CPU
		{8C2B5F04-EF8F-46B8-B775-FD602B8AFAED}.CD_ROM|Any CPU.ActiveCfg = Release|Any CPU
		{8C2B5F04-EF8F-46B8-B775-FD602B8AFAED}.CD_ROM|Any CPU.Build.0 = Release|Any CPU
		{8C2B5F04-EF8F-46B8-B775-FD602B8AFAED}.CD_ROM|Mixed Platforms.ActiveCfg = Release|Any CPU
		{8C2B5F04-EF8F-46B8-B775-FD602B8AFAED}.CD_ROM|Mixed Platforms.Build.0 = Release|Any CPU
		{8C2B5F04-EF8F-46B8-B775-FD602B8AFAED}.CD_ROM|x86.ActiveCfg = Release|Any CPU
		{8C2B5F04-EF8F-46B8-B775-FD602B8AFAED}.Debug|Any CPU.ActiveCfg = Debug|Any CPU
		{8C2B5F04-EF8F-46B8-B775-FD602B8AFAED}.Debug|Any CPU.Build.0 = Debug|Any CPU
		{8C2B5F04-EF8F-46B8-B775-FD602B8AFAED}.Debug|Mixed Platforms.ActiveCfg = Debug|Any CPU
		{8C2B5F04-EF8F-46B8-B775-FD602B8AFAED}.Debug|Mixed Platforms.Build.0 = Debug|Any CPU
		{8C2B5F04-EF8F-46B8-B775-FD602B8AFAED}.Debug|x86.ActiveCfg = Debug|Any CPU
		{8C2B5F04-EF8F-46B8-B775-FD602B8AFAED}.DVD-5|Any CPU.ActiveCfg = Debug|Any CPU
		{8C2B5F04-EF8F-46B8-B775-FD602B8AFAED}.DVD-5|Any CPU.Build.0 = Debug|Any CPU
		{8C2B5F04-EF8F-46B8-B775-FD602B8AFAED}.DVD-5|Mixed Platforms.ActiveCfg = Debug|Any CPU
		{8C2B5F04-EF8F-46B8-B775-FD602B8AFAED}.DVD-5|Mixed Platforms.Build.0 = Debug|Any CPU
		{8C2B5F04-EF8F-46B8-B775-FD602B8AFAED}.DVD-5|x86.ActiveCfg = Debug|Any CPU
		{8C2B5F04-EF8F-46B8-B775-FD602B8AFAED}.Release|Any CPU.ActiveCfg = Release|Any CPU
		{8C2B5F04-EF8F-46B8-B775-FD602B8AFAED}.Release|Any CPU.Build.0 = Release|Any CPU
		{8C2B5F04-EF8F-46B8-B775-FD602B8AFAED}.Release|Mixed Platforms.ActiveCfg = Release|Any CPU
		{8C2B5F04-EF8F-46B8-B775-FD602B8AFAED}.Release|Mixed Platforms.Build.0 = Release|Any CPU
		{8C2B5F04-EF8F-46B8-B775-FD602B8AFAED}.Release|x86.ActiveCfg = Release|Any CPU
		{8C2B5F04-EF8F-46B8-B775-FD602B8AFAED}.SingleImage|Any CPU.ActiveCfg = Release|Any CPU
		{8C2B5F04-EF8F-46B8-B775-FD602B8AFAED}.SingleImage|Any CPU.Build.0 = Release|Any CPU
		{8C2B5F04-EF8F-46B8-B775-FD602B8AFAED}.SingleImage|Mixed Platforms.ActiveCfg = Release|Any CPU
		{8C2B5F04-EF8F-46B8-B775-FD602B8AFAED}.SingleImage|Mixed Platforms.Build.0 = Release|Any CPU
		{8C2B5F04-EF8F-46B8-B775-FD602B8AFAED}.SingleImage|x86.ActiveCfg = Release|Any CPU
		{3B9B5FE6-81CC-4714-86E1-16A10C44DEA2}.CD_ROM|Any CPU.ActiveCfg = Release|Any CPU
		{3B9B5FE6-81CC-4714-86E1-16A10C44DEA2}.CD_ROM|Any CPU.Build.0 = Release|Any CPU
		{3B9B5FE6-81CC-4714-86E1-16A10C44DEA2}.CD_ROM|Mixed Platforms.ActiveCfg = Release|Any CPU
		{3B9B5FE6-81CC-4714-86E1-16A10C44DEA2}.CD_ROM|Mixed Platforms.Build.0 = Release|Any CPU
		{3B9B5FE6-81CC-4714-86E1-16A10C44DEA2}.CD_ROM|x86.ActiveCfg = Release|Any CPU
		{3B9B5FE6-81CC-4714-86E1-16A10C44DEA2}.Debug|Any CPU.ActiveCfg = Debug|Any CPU
		{3B9B5FE6-81CC-4714-86E1-16A10C44DEA2}.Debug|Any CPU.Build.0 = Debug|Any CPU
		{3B9B5FE6-81CC-4714-86E1-16A10C44DEA2}.Debug|Mixed Platforms.ActiveCfg = Debug|Any CPU
		{3B9B5FE6-81CC-4714-86E1-16A10C44DEA2}.Debug|Mixed Platforms.Build.0 = Debug|Any CPU
		{3B9B5FE6-81CC-4714-86E1-16A10C44DEA2}.Debug|x86.ActiveCfg = Debug|Any CPU
		{3B9B5FE6-81CC-4714-86E1-16A10C44DEA2}.DVD-5|Any CPU.ActiveCfg = Debug|Any CPU
		{3B9B5FE6-81CC-4714-86E1-16A10C44DEA2}.DVD-5|Any CPU.Build.0 = Debug|Any CPU
		{3B9B5FE6-81CC-4714-86E1-16A10C44DEA2}.DVD-5|Mixed Platforms.ActiveCfg = Debug|Any CPU
		{3B9B5FE6-81CC-4714-86E1-16A10C44DEA2}.DVD-5|Mixed Platforms.Build.0 = Debug|Any CPU
		{3B9B5FE6-81CC-4714-86E1-16A10C44DEA2}.DVD-5|x86.ActiveCfg = Debug|Any CPU
		{3B9B5FE6-81CC-4714-86E1-16A10C44DEA2}.Release|Any CPU.ActiveCfg = Release|Any CPU
		{3B9B5FE6-81CC-4714-86E1-16A10C44DEA2}.Release|Any CPU.Build.0 = Release|Any CPU
		{3B9B5FE6-81CC-4714-86E1-16A10C44DEA2}.Release|Mixed Platforms.ActiveCfg = Release|Any CPU
		{3B9B5FE6-81CC-4714-86E1-16A10C44DEA2}.Release|Mixed Platforms.Build.0 = Release|Any CPU
		{3B9B5FE6-81CC-4714-86E1-16A10C44DEA2}.Release|x86.ActiveCfg = Release|Any CPU
		{3B9B5FE6-81CC-4714-86E1-16A10C44DEA2}.SingleImage|Any CPU.ActiveCfg = Release|Any CPU
		{3B9B5FE6-81CC-4714-86E1-16A10C44DEA2}.SingleImage|Any CPU.Build.0 = Release|Any CPU
		{3B9B5FE6-81CC-4714-86E1-16A10C44DEA2}.SingleImage|Mixed Platforms.ActiveCfg = Release|Any CPU
		{3B9B5FE6-81CC-4714-86E1-16A10C44DEA2}.SingleImage|Mixed Platforms.Build.0 = Release|Any CPU
		{3B9B5FE6-81CC-4714-86E1-16A10C44DEA2}.SingleImage|x86.ActiveCfg = Release|Any CPU
		{F6064BDE-DADA-4205-8E12-3A48D243DA66}.CD_ROM|Any CPU.ActiveCfg = Release|x86
		{F6064BDE-DADA-4205-8E12-3A48D243DA66}.CD_ROM|Mixed Platforms.ActiveCfg = Release|x86
		{F6064BDE-DADA-4205-8E12-3A48D243DA66}.CD_ROM|Mixed Platforms.Build.0 = Release|x86
		{F6064BDE-DADA-4205-8E12-3A48D243DA66}.CD_ROM|x86.ActiveCfg = Release|x86
		{F6064BDE-DADA-4205-8E12-3A48D243DA66}.CD_ROM|x86.Build.0 = Release|x86
		{F6064BDE-DADA-4205-8E12-3A48D243DA66}.Debug|Any CPU.ActiveCfg = Debug|x86
		{F6064BDE-DADA-4205-8E12-3A48D243DA66}.Debug|Mixed Platforms.ActiveCfg = Debug|x86
		{F6064BDE-DADA-4205-8E12-3A48D243DA66}.Debug|Mixed Platforms.Build.0 = Debug|x86
		{F6064BDE-DADA-4205-8E12-3A48D243DA66}.Debug|x86.ActiveCfg = Debug|x86
		{F6064BDE-DADA-4205-8E12-3A48D243DA66}.Debug|x86.Build.0 = Debug|x86
		{F6064BDE-DADA-4205-8E12-3A48D243DA66}.DVD-5|Any CPU.ActiveCfg = Debug|x86
		{F6064BDE-DADA-4205-8E12-3A48D243DA66}.DVD-5|Mixed Platforms.ActiveCfg = Debug|x86
		{F6064BDE-DADA-4205-8E12-3A48D243DA66}.DVD-5|Mixed Platforms.Build.0 = Debug|x86
		{F6064BDE-DADA-4205-8E12-3A48D243DA66}.DVD-5|x86.ActiveCfg = Debug|x86
		{F6064BDE-DADA-4205-8E12-3A48D243DA66}.DVD-5|x86.Build.0 = Debug|x86
		{F6064BDE-DADA-4205-8E12-3A48D243DA66}.Release|Any CPU.ActiveCfg = Release|x86
		{F6064BDE-DADA-4205-8E12-3A48D243DA66}.Release|Mixed Platforms.ActiveCfg = Release|x86
		{F6064BDE-DADA-4205-8E12-3A48D243DA66}.Release|Mixed Platforms.Build.0 = Release|x86
		{F6064BDE-DADA-4205-8E12-3A48D243DA66}.Release|x86.ActiveCfg = Release|x86
		{F6064BDE-DADA-4205-8E12-3A48D243DA66}.Release|x86.Build.0 = Release|x86
		{F6064BDE-DADA-4205-8E12-3A48D243DA66}.SingleImage|Any CPU.ActiveCfg = Release|x86
		{F6064BDE-DADA-4205-8E12-3A48D243DA66}.SingleImage|Mixed Platforms.ActiveCfg = Release|x86
		{F6064BDE-DADA-4205-8E12-3A48D243DA66}.SingleImage|Mixed Platforms.Build.0 = Release|x86
		{F6064BDE-DADA-4205-8E12-3A48D243DA66}.SingleImage|x86.ActiveCfg = Release|x86
		{F6064BDE-DADA-4205-8E12-3A48D243DA66}.SingleImage|x86.Build.0 = Release|x86
		{C8B06303-3B2F-417B-8EE2-CD812F257277}.CD_ROM|Any CPU.ActiveCfg = Release|Any CPU
		{C8B06303-3B2F-417B-8EE2-CD812F257277}.CD_ROM|Any CPU.Build.0 = Release|Any CPU
		{C8B06303-3B2F-417B-8EE2-CD812F257277}.CD_ROM|Mixed Platforms.ActiveCfg = Release|Any CPU
		{C8B06303-3B2F-417B-8EE2-CD812F257277}.CD_ROM|Mixed Platforms.Build.0 = Release|Any CPU
		{C8B06303-3B2F-417B-8EE2-CD812F257277}.CD_ROM|x86.ActiveCfg = Release|Any CPU
		{C8B06303-3B2F-417B-8EE2-CD812F257277}.Debug|Any CPU.ActiveCfg = Debug|Any CPU
		{C8B06303-3B2F-417B-8EE2-CD812F257277}.Debug|Any CPU.Build.0 = Debug|Any CPU
		{C8B06303-3B2F-417B-8EE2-CD812F257277}.Debug|Mixed Platforms.ActiveCfg = Debug|Any CPU
		{C8B06303-3B2F-417B-8EE2-CD812F257277}.Debug|Mixed Platforms.Build.0 = Debug|Any CPU
		{C8B06303-3B2F-417B-8EE2-CD812F257277}.Debug|x86.ActiveCfg = Debug|Any CPU
		{C8B06303-3B2F-417B-8EE2-CD812F257277}.DVD-5|Any CPU.ActiveCfg = Debug|Any CPU
		{C8B06303-3B2F-417B-8EE2-CD812F257277}.DVD-5|Any CPU.Build.0 = Debug|Any CPU
		{C8B06303-3B2F-417B-8EE2-CD812F257277}.DVD-5|Mixed Platforms.ActiveCfg = Debug|Any CPU
		{C8B06303-3B2F-417B-8EE2-CD812F257277}.DVD-5|Mixed Platforms.Build.0 = Debug|Any CPU
		{C8B06303-3B2F-417B-8EE2-CD812F257277}.DVD-5|x86.ActiveCfg = Debug|Any CPU
		{C8B06303-3B2F-417B-8EE2-CD812F257277}.Release|Any CPU.ActiveCfg = Release|Any CPU
		{C8B06303-3B2F-417B-8EE2-CD812F257277}.Release|Any CPU.Build.0 = Release|Any CPU
		{C8B06303-3B2F-417B-8EE2-CD812F257277}.Release|Mixed Platforms.ActiveCfg = Release|Any CPU
		{C8B06303-3B2F-417B-8EE2-CD812F257277}.Release|Mixed Platforms.Build.0 = Release|Any CPU
		{C8B06303-3B2F-417B-8EE2-CD812F257277}.Release|x86.ActiveCfg = Release|Any CPU
		{C8B06303-3B2F-417B-8EE2-CD812F257277}.SingleImage|Any CPU.ActiveCfg = Release|Any CPU
		{C8B06303-3B2F-417B-8EE2-CD812F257277}.SingleImage|Any CPU.Build.0 = Release|Any CPU
		{C8B06303-3B2F-417B-8EE2-CD812F257277}.SingleImage|Mixed Platforms.ActiveCfg = Release|Any CPU
		{C8B06303-3B2F-417B-8EE2-CD812F257277}.SingleImage|Mixed Platforms.Build.0 = Release|Any CPU
		{C8B06303-3B2F-417B-8EE2-CD812F257277}.SingleImage|x86.ActiveCfg = Release|Any CPU
		{7CD5BD2F-15F9-4A0B-85FF-E4E5588D9151}.CD_ROM|Any CPU.ActiveCfg = CD_ROM
		{7CD5BD2F-15F9-4A0B-85FF-E4E5588D9151}.CD_ROM|Any CPU.Build.0 = CD_ROM
		{7CD5BD2F-15F9-4A0B-85FF-E4E5588D9151}.CD_ROM|Mixed Platforms.ActiveCfg = CD_ROM
		{7CD5BD2F-15F9-4A0B-85FF-E4E5588D9151}.CD_ROM|Mixed Platforms.Build.0 = CD_ROM
		{7CD5BD2F-15F9-4A0B-85FF-E4E5588D9151}.CD_ROM|x86.ActiveCfg = CD_ROM
		{7CD5BD2F-15F9-4A0B-85FF-E4E5588D9151}.CD_ROM|x86.Build.0 = CD_ROM
		{7CD5BD2F-15F9-4A0B-85FF-E4E5588D9151}.Debug|Any CPU.ActiveCfg = DVD-5
		{7CD5BD2F-15F9-4A0B-85FF-E4E5588D9151}.Debug|Any CPU.Build.0 = DVD-5
		{7CD5BD2F-15F9-4A0B-85FF-E4E5588D9151}.Debug|Mixed Platforms.ActiveCfg = DVD-5
		{7CD5BD2F-15F9-4A0B-85FF-E4E5588D9151}.Debug|Mixed Platforms.Build.0 = DVD-5
		{7CD5BD2F-15F9-4A0B-85FF-E4E5588D9151}.Debug|x86.ActiveCfg = DVD-5
		{7CD5BD2F-15F9-4A0B-85FF-E4E5588D9151}.Debug|x86.Build.0 = DVD-5
		{7CD5BD2F-15F9-4A0B-85FF-E4E5588D9151}.DVD-5|Any CPU.ActiveCfg = DVD-5
		{7CD5BD2F-15F9-4A0B-85FF-E4E5588D9151}.DVD-5|Any CPU.Build.0 = DVD-5
		{7CD5BD2F-15F9-4A0B-85FF-E4E5588D9151}.DVD-5|Mixed Platforms.ActiveCfg = DVD-5
		{7CD5BD2F-15F9-4A0B-85FF-E4E5588D9151}.DVD-5|Mixed Platforms.Build.0 = DVD-5
		{7CD5BD2F-15F9-4A0B-85FF-E4E5588D9151}.DVD-5|x86.ActiveCfg = DVD-5
		{7CD5BD2F-15F9-4A0B-85FF-E4E5588D9151}.DVD-5|x86.Build.0 = DVD-5
		{7CD5BD2F-15F9-4A0B-85FF-E4E5588D9151}.Release|Any CPU.ActiveCfg = SingleImage
		{7CD5BD2F-15F9-4A0B-85FF-E4E5588D9151}.Release|Any CPU.Build.0 = SingleImage
		{7CD5BD2F-15F9-4A0B-85FF-E4E5588D9151}.Release|Mixed Platforms.ActiveCfg = SingleImage
		{7CD5BD2F-15F9-4A0B-85FF-E4E5588D9151}.Release|x86.ActiveCfg = SingleImage
		{7CD5BD2F-15F9-4A0B-85FF-E4E5588D9151}.Release|x86.Build.0 = SingleImage
		{7CD5BD2F-15F9-4A0B-85FF-E4E5588D9151}.SingleImage|Any CPU.ActiveCfg = SingleImage
		{7CD5BD2F-15F9-4A0B-85FF-E4E5588D9151}.SingleImage|Any CPU.Build.0 = SingleImage
		{7CD5BD2F-15F9-4A0B-85FF-E4E5588D9151}.SingleImage|Mixed Platforms.ActiveCfg = SingleImage
		{7CD5BD2F-15F9-4A0B-85FF-E4E5588D9151}.SingleImage|Mixed Platforms.Build.0 = SingleImage
		{7CD5BD2F-15F9-4A0B-85FF-E4E5588D9151}.SingleImage|x86.ActiveCfg = SingleImage
		{7CD5BD2F-15F9-4A0B-85FF-E4E5588D9151}.SingleImage|x86.Build.0 = SingleImage
		{8C879BC1-7E2D-4AE2-BE01-F7C646827424}.CD_ROM|Any CPU.ActiveCfg = Release|Any CPU
		{8C879BC1-7E2D-4AE2-BE01-F7C646827424}.CD_ROM|Any CPU.Build.0 = Release|Any CPU
		{8C879BC1-7E2D-4AE2-BE01-F7C646827424}.CD_ROM|Mixed Platforms.ActiveCfg = Release|Any CPU
		{8C879BC1-7E2D-4AE2-BE01-F7C646827424}.CD_ROM|Mixed Platforms.Build.0 = Release|Any CPU
		{8C879BC1-7E2D-4AE2-BE01-F7C646827424}.CD_ROM|x86.ActiveCfg = Release|Any CPU
		{8C879BC1-7E2D-4AE2-BE01-F7C646827424}.Debug|Any CPU.ActiveCfg = Debug|Any CPU
		{8C879BC1-7E2D-4AE2-BE01-F7C646827424}.Debug|Any CPU.Build.0 = Debug|Any CPU
		{8C879BC1-7E2D-4AE2-BE01-F7C646827424}.Debug|Mixed Platforms.ActiveCfg = Debug|Any CPU
		{8C879BC1-7E2D-4AE2-BE01-F7C646827424}.Debug|Mixed Platforms.Build.0 = Debug|Any CPU
		{8C879BC1-7E2D-4AE2-BE01-F7C646827424}.Debug|x86.ActiveCfg = Debug|Any CPU
		{8C879BC1-7E2D-4AE2-BE01-F7C646827424}.DVD-5|Any CPU.ActiveCfg = Debug|Any CPU
		{8C879BC1-7E2D-4AE2-BE01-F7C646827424}.DVD-5|Any CPU.Build.0 = Debug|Any CPU
		{8C879BC1-7E2D-4AE2-BE01-F7C646827424}.DVD-5|Mixed Platforms.ActiveCfg = Debug|Any CPU
		{8C879BC1-7E2D-4AE2-BE01-F7C646827424}.DVD-5|Mixed Platforms.Build.0 = Debug|Any CPU
		{8C879BC1-7E2D-4AE2-BE01-F7C646827424}.DVD-5|x86.ActiveCfg = Debug|Any CPU
		{8C879BC1-7E2D-4AE2-BE01-F7C646827424}.Release|Any CPU.ActiveCfg = Release|Any CPU
		{8C879BC1-7E2D-4AE2-BE01-F7C646827424}.Release|Any CPU.Build.0 = Release|Any CPU
		{8C879BC1-7E2D-4AE2-BE01-F7C646827424}.Release|Mixed Platforms.ActiveCfg = Release|Any CPU
		{8C879BC1-7E2D-4AE2-BE01-F7C646827424}.Release|Mixed Platforms.Build.0 = Release|Any CPU
		{8C879BC1-7E2D-4AE2-BE01-F7C646827424}.Release|x86.ActiveCfg = Release|Any CPU
		{8C879BC1-7E2D-4AE2-BE01-F7C646827424}.SingleImage|Any CPU.ActiveCfg = Release|Any CPU
		{8C879BC1-7E2D-4AE2-BE01-F7C646827424}.SingleImage|Any CPU.Build.0 = Release|Any CPU
		{8C879BC1-7E2D-4AE2-BE01-F7C646827424}.SingleImage|Mixed Platforms.ActiveCfg = Release|Any CPU
		{8C879BC1-7E2D-4AE2-BE01-F7C646827424}.SingleImage|Mixed Platforms.Build.0 = Release|Any CPU
		{8C879BC1-7E2D-4AE2-BE01-F7C646827424}.SingleImage|x86.ActiveCfg = Release|Any CPU
	EndGlobalSection
	GlobalSection(SolutionProperties) = preSolution
		HideSolutionNode = FALSE
	EndGlobalSection
	GlobalSection(NestedProjects) = preSolution
		{F6064BDE-DADA-4205-8E12-3A48D243DA66} = {0BF68AAC-925C-4011-8F95-57F33F8C0FED}
		{C8B06303-3B2F-417B-8EE2-CD812F257277} = {0BF68AAC-925C-4011-8F95-57F33F8C0FED}
		{EF7C715E-4C61-43D6-B83D-90F0FF38424F} = {CA911199-9D46-43A6-A268-7D39D4C82409}
		{D6017DF9-AE81-49B8-857A-495CE8275DB0} = {E46832AF-0186-4EBF-9F14-3230957AC1F9}
		{8C2B5F04-EF8F-46B8-B775-FD602B8AFAED} = {E46832AF-0186-4EBF-9F14-3230957AC1F9}
		{3B9B5FE6-81CC-4714-86E1-16A10C44DEA2} = {E46832AF-0186-4EBF-9F14-3230957AC1F9}
		{8C879BC1-7E2D-4AE2-BE01-F7C646827424} = {E46832AF-0186-4EBF-9F14-3230957AC1F9}
		{7CD5BD2F-15F9-4A0B-85FF-E4E5588D9151} = {EF6E0FDE-A1EC-4F30-B167-B3C6BE8B4FE7}
		{5E7E4873-8C9D-4BA8-A936-784387E2379F} = {A909F9CF-5CEC-4024-A224-8792961D8900}
		{948401DF-F23E-47C2-B524-8B7AA5B95A56} = {A909F9CF-5CEC-4024-A224-8792961D8900}
	EndGlobalSection
EndGlobal
